
Microsoft Visual Studio Solution File, Format Version 12.00
# Visual Studio Version 16
VisualStudioVersion = 16.0.29905.134
MinimumVisualStudioVersion = 10.0.40219.1
Project("{9A19103F-16F7-4668-BE54-9A1E7A4F7556}") = "Elite.ECommerceKata.Pricing", "Elite.ECommerceKata.Pricing\Elite.ECommerceKata.Pricing.csproj", "{97BFA73C-6B8F-4E12-B36A-2AE90D1D97D8}"
EndProject
Project("{9A19103F-16F7-4668-BE54-9A1E7A4F7556}") = "Elite.ECommerceKata.Tests", "Elite.ECommerceKata.Tests\Elite.ECommerceKata.Tests.csproj", "{AE0FE8AA-E26B-463B-AC68-3B10C39706BC}"
EndProject
Global
	GlobalSection(SolutionConfigurationPlatforms) = preSolution
		Debug|Any CPU = Debug|Any CPU
		Release|Any CPU = Release|Any CPU
	EndGlobalSection
	GlobalSection(ProjectConfigurationPlatforms) = postSolution
		{97BFA73C-6B8F-4E12-B36A-2AE90D1D97D8}.Debug|Any CPU.ActiveCfg = Debug|Any CPU
		{97BFA73C-6B8F-4E12-B36A-2AE90D1D97D8}.Debug|Any CPU.Build.0 = Debug|Any CPU
		{97BFA73C-6B8F-4E12-B36A-2AE90D1D97D8}.Release|Any CPU.ActiveCfg = Release|Any CPU
		{97BFA73C-6B8F-4E12-B36A-2AE90D1D97D8}.Release|Any CPU.Build.0 = Release|Any CPU
		{AE0FE8AA-E26B-463B-AC68-3B10C39706BC}.Debug|Any CPU.ActiveCfg = Debug|Any CPU
		{AE0FE8AA-E26B-463B-AC68-3B10C39706BC}.Debug|Any CPU.Build.0 = Debug|Any CPU
		{AE0FE8AA-E26B-463B-AC68-3B10C39706BC}.Release|Any CPU.ActiveCfg = Release|Any CPU
		{AE0FE8AA-E26B-463B-AC68-3B10C39706BC}.Release|Any CPU.Build.0 = Release|Any CPU
	EndGlobalSection
	GlobalSection(SolutionProperties) = preSolution
		HideSolutionNode = FALSE
	EndGlobalSection
	GlobalSection(ExtensibilityGlobals) = postSolution
		SolutionGuid = {1A783154-BFED-4B9C-9EB5-72B45E28DEF4}
	EndGlobalSection
EndGlobal
